// !$*UTF8*$!
{
	archiveVersion = 1;
	classes = {
	};
	objectVersion = 46;
	objects = {

/* Begin PBXBuildFile section */
		1842B8E11E9345BB000DC5C8 /* Assets.xcassets in Resources */ = {isa = PBXBuildFile; fileRef = 1842B8E01E9345BB000DC5C8 /* Assets.xcassets */; };
		1842B8E51E9345FF000DC5C8 /* ico_1024.png in Resources */ = {isa = PBXBuildFile; fileRef = 1842B8E41E9345FF000DC5C8 /* ico_1024.png */; };
		18B031F31E86343700740A68 /* main.m in Sources */ = {isa = PBXBuildFile; fileRef = 18B031F21E86343700740A68 /* main.m */; };
		18B031F61E86343700740A68 /* AppDelegate.m in Sources */ = {isa = PBXBuildFile; fileRef = 18B031F51E86343700740A68 /* AppDelegate.m */; };
		18B031F91E86343700740A68 /* ViewController.m in Sources */ = {isa = PBXBuildFile; fileRef = 18B031F81E86343700740A68 /* ViewController.m */; };
		18B031FC1E86343700740A68 /* Main.storyboard in Resources */ = {isa = PBXBuildFile; fileRef = 18B031FA1E86343700740A68 /* Main.storyboard */; };
		18B032011E86343700740A68 /* LaunchScreen.storyboard in Resources */ = {isa = PBXBuildFile; fileRef = 18B031FF1E86343700740A68 /* LaunchScreen.storyboard */; };
		18B0320B1E8636F900740A68 /* WeChatViewController.m in Sources */ = {isa = PBXBuildFile; fileRef = 18B0320A1E8636F900740A68 /* WeChatViewController.m */; };
		18B0320E1E86372D00740A68 /* FriendsViewController.m in Sources */ = {isa = PBXBuildFile; fileRef = 18B0320D1E86372D00740A68 /* FriendsViewController.m */; };
		18B032111E86374200740A68 /* DiscoverViewController.m in Sources */ = {isa = PBXBuildFile; fileRef = 18B032101E86374200740A68 /* DiscoverViewController.m */; };
		18B032141E86375000740A68 /* MineViewController.m in Sources */ = {isa = PBXBuildFile; fileRef = 18B032131E86375000740A68 /* MineViewController.m */; };
		18B0321C1E863A1E00740A68 /* Person.m in Sources */ = {isa = PBXBuildFile; fileRef = 18B0321A1E863A1E00740A68 /* Person.m */; };
		18B0321F1E863AA300740A68 /* GreetingViewController.m in Sources */ = {isa = PBXBuildFile; fileRef = 18B0321E1E863AA300740A68 /* GreetingViewController.m */; };
		18B032221E86537300740A68 /* GreetingPresenter.m in Sources */ = {isa = PBXBuildFile; fileRef = 18B032211E86537300740A68 /* GreetingPresenter.m */; };
		18B032251E86611800740A68 /* GreetingViewModel.m in Sources */ = {isa = PBXBuildFile; fileRef = 18B032241E86611800740A68 /* GreetingViewModel.m */; };
		3715DCDE1E94C4FB009FC894 /* configuration.plist in Resources */ = {isa = PBXBuildFile; fileRef = 3715DCDD1E94C4FB009FC894 /* configuration.plist */; };
		3715DCE01E94C508009FC894 /* configuration.plist in Resources */ = {isa = PBXBuildFile; fileRef = 3715DCDF1E94C508009FC894 /* configuration.plist */; };
		3715DCE21E94C510009FC894 /* configuration.plist in Resources */ = {isa = PBXBuildFile; fileRef = 3715DCE11E94C510009FC894 /* configuration.plist */; };
		376264A61E8B8BA200877D98 /* JLROptionalRouteParser.m in Sources */ = {isa = PBXBuildFile; fileRef = 3762649D1E8B8BA200877D98 /* JLROptionalRouteParser.m */; };
		376264A71E8B8BA200877D98 /* JLRRouteDefinition.m in Sources */ = {isa = PBXBuildFile; fileRef = 3762649F1E8B8BA200877D98 /* JLRRouteDefinition.m */; };
		376264A81E8B8BA200877D98 /* JLRRouteRequest.m in Sources */ = {isa = PBXBuildFile; fileRef = 376264A11E8B8BA200877D98 /* JLRRouteRequest.m */; };
		376264A91E8B8BA200877D98 /* JLRRouteResponse.m in Sources */ = {isa = PBXBuildFile; fileRef = 376264A31E8B8BA200877D98 /* JLRRouteResponse.m */; };
		376264AA1E8B8BA200877D98 /* JLRoutes.m in Sources */ = {isa = PBXBuildFile; fileRef = 376264A51E8B8BA200877D98 /* JLRoutes.m */; };
		379BACE81E94C0CE00B063D1 /* configuation.plist in Resources */ = {isa = PBXBuildFile; fileRef = 379BACE31E94C0CE00B063D1 /* configuation.plist */; };
		BCBD6BF30180114066A3813C /* libPods.a in Frameworks */ = {isa = PBXBuildFile; fileRef = 0E3EB5A219588103AB19EAC1 /* libPods.a */; };
/* End PBXBuildFile section */

/* Begin PBXFileReference section */
		0E3EB5A219588103AB19EAC1 /* libPods.a */ = {isa = PBXFileReference; explicitFileType = archive.ar; includeInIndex = 0; path = libPods.a; sourceTree = BUILT_PRODUCTS_DIR; };
		1842B8E01E9345BB000DC5C8 /* Assets.xcassets */ = {isa = PBXFileReference; lastKnownFileType = folder.assetcatalog; path = Assets.xcassets; sourceTree = "<group>"; };
		1842B8E41E9345FF000DC5C8 /* ico_1024.png */ = {isa = PBXFileReference; lastKnownFileType = image.png; path = ico_1024.png; sourceTree = "<group>"; };
		18B031EE1E86343700740A68 /* iOS-Architecture.app */ = {isa = PBXFileReference; explicitFileType = wrapper.application; includeInIndex = 0; path = "iOS-Architecture.app"; sourceTree = BUILT_PRODUCTS_DIR; };
		18B031F21E86343700740A68 /* main.m */ = {isa = PBXFileReference; lastKnownFileType = sourcecode.c.objc; path = main.m; sourceTree = "<group>"; };
		18B031F41E86343700740A68 /* AppDelegate.h */ = {isa = PBXFileReference; lastKnownFileType = sourcecode.c.h; path = AppDelegate.h; sourceTree = "<group>"; };
		18B031F51E86343700740A68 /* AppDelegate.m */ = {isa = PBXFileReference; lastKnownFileType = sourcecode.c.objc; path = AppDelegate.m; sourceTree = "<group>"; };
		18B031F71E86343700740A68 /* ViewController.h */ = {isa = PBXFileReference; lastKnownFileType = sourcecode.c.h; path = ViewController.h; sourceTree = "<group>"; };
		18B031F81E86343700740A68 /* ViewController.m */ = {isa = PBXFileReference; lastKnownFileType = sourcecode.c.objc; path = ViewController.m; sourceTree = "<group>"; };
		18B031FB1E86343700740A68 /* Base */ = {isa = PBXFileReference; lastKnownFileType = file.storyboard; name = Base; path = Base.lproj/Main.storyboard; sourceTree = "<group>"; };
		18B032001E86343700740A68 /* Base */ = {isa = PBXFileReference; lastKnownFileType = file.storyboard; name = Base; path = Base.lproj/LaunchScreen.storyboard; sourceTree = "<group>"; };
		18B032021E86343700740A68 /* Info.plist */ = {isa = PBXFileReference; lastKnownFileType = text.plist.xml; path = Info.plist; sourceTree = "<group>"; };
		18B032091E8636F900740A68 /* WeChatViewController.h */ = {isa = PBXFileReference; fileEncoding = 4; lastKnownFileType = sourcecode.c.h; path = WeChatViewController.h; sourceTree = "<group>"; };
		18B0320A1E8636F900740A68 /* WeChatViewController.m */ = {isa = PBXFileReference; fileEncoding = 4; lastKnownFileType = sourcecode.c.objc; path = WeChatViewController.m; sourceTree = "<group>"; };
		18B0320C1E86372D00740A68 /* FriendsViewController.h */ = {isa = PBXFileReference; fileEncoding = 4; lastKnownFileType = sourcecode.c.h; path = FriendsViewController.h; sourceTree = "<group>"; };
		18B0320D1E86372D00740A68 /* FriendsViewController.m */ = {isa = PBXFileReference; fileEncoding = 4; lastKnownFileType = sourcecode.c.objc; path = FriendsViewController.m; sourceTree = "<group>"; };
		18B0320F1E86374200740A68 /* DiscoverViewController.h */ = {isa = PBXFileReference; fileEncoding = 4; lastKnownFileType = sourcecode.c.h; path = DiscoverViewController.h; sourceTree = "<group>"; };
		18B032101E86374200740A68 /* DiscoverViewController.m */ = {isa = PBXFileReference; fileEncoding = 4; lastKnownFileType = sourcecode.c.objc; path = DiscoverViewController.m; sourceTree = "<group>"; };
		18B032121E86375000740A68 /* MineViewController.h */ = {isa = PBXFileReference; fileEncoding = 4; lastKnownFileType = sourcecode.c.h; path = MineViewController.h; sourceTree = "<group>"; };
		18B032131E86375000740A68 /* MineViewController.m */ = {isa = PBXFileReference; fileEncoding = 4; lastKnownFileType = sourcecode.c.objc; path = MineViewController.m; sourceTree = "<group>"; };
		18B032191E863A1E00740A68 /* Person.h */ = {isa = PBXFileReference; fileEncoding = 4; lastKnownFileType = sourcecode.c.h; path = Person.h; sourceTree = "<group>"; };
		18B0321A1E863A1E00740A68 /* Person.m */ = {isa = PBXFileReference; fileEncoding = 4; lastKnownFileType = sourcecode.c.objc; path = Person.m; sourceTree = "<group>"; };
		18B0321D1E863AA300740A68 /* GreetingViewController.h */ = {isa = PBXFileReference; fileEncoding = 4; lastKnownFileType = sourcecode.c.h; path = GreetingViewController.h; sourceTree = "<group>"; };
		18B0321E1E863AA300740A68 /* GreetingViewController.m */ = {isa = PBXFileReference; fileEncoding = 4; lastKnownFileType = sourcecode.c.objc; path = GreetingViewController.m; sourceTree = "<group>"; };
		18B032201E86537300740A68 /* GreetingPresenter.h */ = {isa = PBXFileReference; fileEncoding = 4; lastKnownFileType = sourcecode.c.h; path = GreetingPresenter.h; sourceTree = "<group>"; };
		18B032211E86537300740A68 /* GreetingPresenter.m */ = {isa = PBXFileReference; fileEncoding = 4; lastKnownFileType = sourcecode.c.objc; path = GreetingPresenter.m; sourceTree = "<group>"; };
		18B032231E86611800740A68 /* GreetingViewModel.h */ = {isa = PBXFileReference; fileEncoding = 4; lastKnownFileType = sourcecode.c.h; path = GreetingViewModel.h; sourceTree = "<group>"; };
		18B032241E86611800740A68 /* GreetingViewModel.m */ = {isa = PBXFileReference; fileEncoding = 4; lastKnownFileType = sourcecode.c.objc; path = GreetingViewModel.m; sourceTree = "<group>"; };
		25733A682508B9253C5FEDFF /* Pods.release.xcconfig */ = {isa = PBXFileReference; includeInIndex = 1; lastKnownFileType = text.xcconfig; name = Pods.release.xcconfig; path = "Pods/Target Support Files/Pods/Pods.release.xcconfig"; sourceTree = "<group>"; };
		3715DCDD1E94C4FB009FC894 /* configuration.plist */ = {isa = PBXFileReference; fileEncoding = 4; lastKnownFileType = text.plist.xml; path = configuration.plist; sourceTree = "<group>"; };
		3715DCDF1E94C508009FC894 /* configuration.plist */ = {isa = PBXFileReference; fileEncoding = 4; lastKnownFileType = text.plist.xml; path = configuration.plist; sourceTree = "<group>"; };
		3715DCE11E94C510009FC894 /* configuration.plist */ = {isa = PBXFileReference; fileEncoding = 4; lastKnownFileType = text.plist.xml; path = configuration.plist; sourceTree = "<group>"; };
		3762649C1E8B8BA200877D98 /* JLROptionalRouteParser.h */ = {isa = PBXFileReference; fileEncoding = 4; lastKnownFileType = sourcecode.c.h; path = JLROptionalRouteParser.h; sourceTree = "<group>"; };
		3762649D1E8B8BA200877D98 /* JLROptionalRouteParser.m */ = {isa = PBXFileReference; fileEncoding = 4; lastKnownFileType = sourcecode.c.objc; path = JLROptionalRouteParser.m; sourceTree = "<group>"; };
		3762649E1E8B8BA200877D98 /* JLRRouteDefinition.h */ = {isa = PBXFileReference; fileEncoding = 4; lastKnownFileType = sourcecode.c.h; path = JLRRouteDefinition.h; sourceTree = "<group>"; };
		3762649F1E8B8BA200877D98 /* JLRRouteDefinition.m */ = {isa = PBXFileReference; fileEncoding = 4; lastKnownFileType = sourcecode.c.objc; path = JLRRouteDefinition.m; sourceTree = "<group>"; };
		376264A01E8B8BA200877D98 /* JLRRouteRequest.h */ = {isa = PBXFileReference; fileEncoding = 4; lastKnownFileType = sourcecode.c.h; path = JLRRouteRequest.h; sourceTree = "<group>"; };
		376264A11E8B8BA200877D98 /* JLRRouteRequest.m */ = {isa = PBXFileReference; fileEncoding = 4; lastKnownFileType = sourcecode.c.objc; path = JLRRouteRequest.m; sourceTree = "<group>"; };
		376264A21E8B8BA200877D98 /* JLRRouteResponse.h */ = {isa = PBXFileReference; fileEncoding = 4; lastKnownFileType = sourcecode.c.h; path = JLRRouteResponse.h; sourceTree = "<group>"; };
		376264A31E8B8BA200877D98 /* JLRRouteResponse.m */ = {isa = PBXFileReference; fileEncoding = 4; lastKnownFileType = sourcecode.c.objc; path = JLRRouteResponse.m; sourceTree = "<group>"; };
		376264A41E8B8BA200877D98 /* JLRoutes.h */ = {isa = PBXFileReference; fileEncoding = 4; lastKnownFileType = sourcecode.c.h; path = JLRoutes.h; sourceTree = "<group>"; };
		376264A51E8B8BA200877D98 /* JLRoutes.m */ = {isa = PBXFileReference; fileEncoding = 4; lastKnownFileType = sourcecode.c.objc; path = JLRoutes.m; sourceTree = "<group>"; };
		379BACE31E94C0CE00B063D1 /* configuation.plist */ = {isa = PBXFileReference; lastKnownFileType = text.plist; name = configuation.plist; path = "/GitHub/iOS-Architecture/iOS-Architecture/config/BETA/configuation.plist"; sourceTree = "<absolute>"; };
		6FD3BEA36FFCCEB2C205CA73 /* Pods.debug.xcconfig */ = {isa = PBXFileReference; includeInIndex = 1; lastKnownFileType = text.xcconfig; name = Pods.debug.xcconfig; path = "Pods/Target Support Files/Pods/Pods.debug.xcconfig"; sourceTree = "<group>"; };
/* End PBXFileReference section */

/* Begin PBXFrameworksBuildPhase section */
		18B031EB1E86343700740A68 /* Frameworks */ = {
			isa = PBXFrameworksBuildPhase;
			buildActionMask = 2147483647;
			files = (
				BCBD6BF30180114066A3813C /* libPods.a in Frameworks */,
			);
			runOnlyForDeploymentPostprocessing = 0;
		};
/* End PBXFrameworksBuildPhase section */

/* Begin PBXGroup section */
		18B031E51E86343700740A68 = {
			isa = PBXGroup;
			children = (
				18B031F01E86343700740A68 /* iOS-Architecture */,
				18B031EF1E86343700740A68 /* Products */,
				1CD15BE599541BC430C7412F /* Pods */,
				1B2E3B50F678BFE4333FF1A0 /* Frameworks */,
			);
			sourceTree = "<group>";
		};
		18B031EF1E86343700740A68 /* Products */ = {
			isa = PBXGroup;
			children = (
				18B031EE1E86343700740A68 /* iOS-Architecture.app */,
			);
			name = Products;
			sourceTree = "<group>";
		};
		18B031F01E86343700740A68 /* iOS-Architecture */ = {
			isa = PBXGroup;
			children = (
				3762649A1E8B8BA200877D98 /* JLRoutes */,
				18B032181E863A1E00740A68 /* Model */,
				18B0321B1E863A1E00740A68 /* View */,
				18B032081E8636DB00740A68 /* Controller */,
				18B031F41E86343700740A68 /* AppDelegate.h */,
				18B031F51E86343700740A68 /* AppDelegate.m */,
				18B031F71E86343700740A68 /* ViewController.h */,
				18B031F81E86343700740A68 /* ViewController.m */,
				1842B8E01E9345BB000DC5C8 /* Assets.xcassets */,
				18B031FA1E86343700740A68 /* Main.storyboard */,
				1842B8E41E9345FF000DC5C8 /* ico_1024.png */,
				18B031FF1E86343700740A68 /* LaunchScreen.storyboard */,
				18B032021E86343700740A68 /* Info.plist */,
				18B031F11E86343700740A68 /* Supporting Files */,
				18B032201E86537300740A68 /* GreetingPresenter.h */,
				18B032211E86537300740A68 /* GreetingPresenter.m */,
				18B032231E86611800740A68 /* GreetingViewModel.h */,
				18B032241E86611800740A68 /* GreetingViewModel.m */,
			);
			path = "iOS-Architecture";
			sourceTree = "<group>";
		};
		18B031F11E86343700740A68 /* Supporting Files */ = {
			isa = PBXGroup;
			children = (
				379BACE11E94C0CE00B063D1 /* config */,
				18B031F21E86343700740A68 /* main.m */,
			);
			name = "Supporting Files";
			sourceTree = "<group>";
		};
		18B032081E8636DB00740A68 /* Controller */ = {
			isa = PBXGroup;
			children = (
				18B032091E8636F900740A68 /* WeChatViewController.h */,
				18B0320A1E8636F900740A68 /* WeChatViewController.m */,
				18B0320C1E86372D00740A68 /* FriendsViewController.h */,
				18B0320D1E86372D00740A68 /* FriendsViewController.m */,
				18B0320F1E86374200740A68 /* DiscoverViewController.h */,
				18B032101E86374200740A68 /* DiscoverViewController.m */,
				18B032121E86375000740A68 /* MineViewController.h */,
				18B032131E86375000740A68 /* MineViewController.m */,
				18B0321D1E863AA300740A68 /* GreetingViewController.h */,
				18B0321E1E863AA300740A68 /* GreetingViewController.m */,
			);
			path = Controller;
			sourceTree = "<group>";
		};
		18B032181E863A1E00740A68 /* Model */ = {
			isa = PBXGroup;
			children = (
				18B032191E863A1E00740A68 /* Person.h */,
				18B0321A1E863A1E00740A68 /* Person.m */,
			);
			path = Model;
			sourceTree = "<group>";
		};
		18B0321B1E863A1E00740A68 /* View */ = {
			isa = PBXGroup;
			children = (
			);
			path = View;
			sourceTree = "<group>";
		};
		1B2E3B50F678BFE4333FF1A0 /* Frameworks */ = {
			isa = PBXGroup;
			children = (
				0E3EB5A219588103AB19EAC1 /* libPods.a */,
			);
			name = Frameworks;
			sourceTree = "<group>";
		};
		1CD15BE599541BC430C7412F /* Pods */ = {
			isa = PBXGroup;
			children = (
				6FD3BEA36FFCCEB2C205CA73 /* Pods.debug.xcconfig */,
				25733A682508B9253C5FEDFF /* Pods.release.xcconfig */,
			);
			name = Pods;
			sourceTree = "<group>";
		};
		3762649A1E8B8BA200877D98 /* JLRoutes */ = {
			isa = PBXGroup;
			children = (
				3762649B1E8B8BA200877D98 /* Classes */,
				376264A41E8B8BA200877D98 /* JLRoutes.h */,
				376264A51E8B8BA200877D98 /* JLRoutes.m */,
			);
			path = JLRoutes;
			sourceTree = "<group>";
		};
		3762649B1E8B8BA200877D98 /* Classes */ = {
			isa = PBXGroup;
			children = (
				3762649C1E8B8BA200877D98 /* JLROptionalRouteParser.h */,
				3762649D1E8B8BA200877D98 /* JLROptionalRouteParser.m */,
				3762649E1E8B8BA200877D98 /* JLRRouteDefinition.h */,
				3762649F1E8B8BA200877D98 /* JLRRouteDefinition.m */,
				376264A01E8B8BA200877D98 /* JLRRouteRequest.h */,
				376264A11E8B8BA200877D98 /* JLRRouteRequest.m */,
				376264A21E8B8BA200877D98 /* JLRRouteResponse.h */,
				376264A31E8B8BA200877D98 /* JLRRouteResponse.m */,
			);
			path = Classes;
			sourceTree = "<group>";
		};
		379BACE11E94C0CE00B063D1 /* config */ = {
			isa = PBXGroup;
			children = (
				379BACE21E94C0CE00B063D1 /* BETA */,
				379BACE41E94C0CE00B063D1 /* Debug */,
				379BACE61E94C0CE00B063D1 /* Release */,
			);
			path = config;
			sourceTree = "<group>";
		};
		379BACE21E94C0CE00B063D1 /* BETA */ = {
			isa = PBXGroup;
			children = (
				3715DCE11E94C510009FC894 /* configuration.plist */,
			);
			path = BETA;
			sourceTree = "<group>";
		};
		379BACE41E94C0CE00B063D1 /* Debug */ = {
			isa = PBXGroup;
			children = (
				3715DCDF1E94C508009FC894 /* configuration.plist */,
			);
			path = Debug;
			sourceTree = "<group>";
		};
		379BACE61E94C0CE00B063D1 /* Release */ = {
			isa = PBXGroup;
			children = (
				3715DCDD1E94C4FB009FC894 /* configuration.plist */,
			);
			path = Release;
			sourceTree = "<group>";
		};
/* End PBXGroup section */

/* Begin PBXNativeTarget section */
		18B031ED1E86343700740A68 /* iOS-Architecture */ = {
			isa = PBXNativeTarget;
			buildConfigurationList = 18B032051E86343700740A68 /* Build configuration list for PBXNativeTarget "iOS-Architecture" */;
			buildPhases = (
				A1EBBB8991505FFF43F2A6C2 /* Check Pods Manifest.lock */,
				18B031EA1E86343700740A68 /* Sources */,
				18B031EB1E86343700740A68 /* Frameworks */,
				18B031EC1E86343700740A68 /* Resources */,
				32F8FD357663E71EB594BF3B /* Copy Pods Resources */,
				379BACEE1E94C44B00B063D1 /* Copy Configuration Files */,
			);
			buildRules = (
			);
			dependencies = (
			);
			name = "iOS-Architecture";
			productName = "iOS-Architecture";
			productReference = 18B031EE1E86343700740A68 /* iOS-Architecture.app */;
			productType = "com.apple.product-type.application";
		};
/* End PBXNativeTarget section */

/* Begin PBXProject section */
		18B031E61E86343700740A68 /* Project object */ = {
			isa = PBXProject;
			attributes = {
				LastUpgradeCheck = 0810;
				ORGANIZATIONNAME = Apple;
				TargetAttributes = {
					18B031ED1E86343700740A68 = {
						CreatedOnToolsVersion = 8.1;
						DevelopmentTeam = K47Y4YGJZU;
						ProvisioningStyle = Automatic;
					};
				};
			};
			buildConfigurationList = 18B031E91E86343700740A68 /* Build configuration list for PBXProject "iOS-Architecture" */;
			compatibilityVersion = "Xcode 3.2";
			developmentRegion = English;
			hasScannedForEncodings = 0;
			knownRegions = (
				en,
				Base,
			);
			mainGroup = 18B031E51E86343700740A68;
			productRefGroup = 18B031EF1E86343700740A68 /* Products */;
			projectDirPath = "";
			projectRoot = "";
			targets = (
				18B031ED1E86343700740A68 /* iOS-Architecture */,
			);
		};
/* End PBXProject section */

/* Begin PBXResourcesBuildPhase section */
		18B031EC1E86343700740A68 /* Resources */ = {
			isa = PBXResourcesBuildPhase;
			buildActionMask = 2147483647;
			files = (
				3715DCE01E94C508009FC894 /* configuration.plist in Resources */,
				18B032011E86343700740A68 /* LaunchScreen.storyboard in Resources */,
				3715DCDE1E94C4FB009FC894 /* configuration.plist in Resources */,
				1842B8E11E9345BB000DC5C8 /* Assets.xcassets in Resources */,
				1842B8E51E9345FF000DC5C8 /* ico_1024.png in Resources */,
				3715DCE21E94C510009FC894 /* configuration.plist in Resources */,
				379BACE81E94C0CE00B063D1 /* configuation.plist in Resources */,
				18B031FC1E86343700740A68 /* Main.storyboard in Resources */,
			);
			runOnlyForDeploymentPostprocessing = 0;
		};
/* End PBXResourcesBuildPhase section */

/* Begin PBXShellScriptBuildPhase section */
		32F8FD357663E71EB594BF3B /* Copy Pods Resources */ = {
			isa = PBXShellScriptBuildPhase;
			buildActionMask = 2147483647;
			files = (
			);
			inputPaths = (
			);
			name = "Copy Pods Resources";
			outputPaths = (
			);
			runOnlyForDeploymentPostprocessing = 0;
			shellPath = /bin/sh;
			shellScript = "\"${SRCROOT}/Pods/Target Support Files/Pods/Pods-resources.sh\"\n";
			showEnvVarsInLog = 0;
		};
		379BACEE1E94C44B00B063D1 /* Copy Configuration Files */ = {
			isa = PBXShellScriptBuildPhase;
			buildActionMask = 12;
			files = (
			);
			inputPaths = (
			);
			name = "Copy Configuration Files";
			outputPaths = (
			);
			runOnlyForDeploymentPostprocessing = 0;
			shellPath = /bin/sh;
			shellScript = "echo \"CONFIGURATION -> ${CONFIGURATION}\"\nRESOURCE_PATH=${SRCROOT}/${PRODUCT_NAME}/config/${CONFIGURATION}\n\nBUILD_APP_DIR=${BUILT_PRODUCTS_DIR}/${PRODUCT_NAME}.app\n\necho \"Copying all files under ${RESOURCE_PATH} to ${BUILD_APP_DIR}\"\ncp -v \"${RESOURCE_PATH}/\"* \"${BUILD_APP_DIR}/\"\n\n";
		};
		A1EBBB8991505FFF43F2A6C2 /* Check Pods Manifest.lock */ = {
			isa = PBXShellScriptBuildPhase;
			buildActionMask = 2147483647;
			files = (
			);
			inputPaths = (
			);
			name = "Check Pods Manifest.lock";
			outputPaths = (
			);
			runOnlyForDeploymentPostprocessing = 0;
			shellPath = /bin/sh;
			shellScript = "diff \"${PODS_ROOT}/../Podfile.lock\" \"${PODS_ROOT}/Manifest.lock\" > /dev/null\nif [[ $? != 0 ]] ; then\n    cat << EOM\nerror: The sandbox is not in sync with the Podfile.lock. Run 'pod install' or update your CocoaPods installation.\nEOM\n    exit 1\nfi\n";
			showEnvVarsInLog = 0;
		};
/* End PBXShellScriptBuildPhase section */

/* Begin PBXSourcesBuildPhase section */
		18B031EA1E86343700740A68 /* Sources */ = {
			isa = PBXSourcesBuildPhase;
			buildActionMask = 2147483647;
			files = (
				18B0320E1E86372D00740A68 /* FriendsViewController.m in Sources */,
				376264A61E8B8BA200877D98 /* JLROptionalRouteParser.m in Sources */,
				376264A71E8B8BA200877D98 /* JLRRouteDefinition.m in Sources */,
				18B032221E86537300740A68 /* GreetingPresenter.m in Sources */,
				18B032141E86375000740A68 /* MineViewController.m in Sources */,
				18B032111E86374200740A68 /* DiscoverViewController.m in Sources */,
				18B0320B1E8636F900740A68 /* WeChatViewController.m in Sources */,
				18B031F91E86343700740A68 /* ViewController.m in Sources */,
				18B0321C1E863A1E00740A68 /* Person.m in Sources */,
				18B0321F1E863AA300740A68 /* GreetingViewController.m in Sources */,
				376264A91E8B8BA200877D98 /* JLRRouteResponse.m in Sources */,
				376264A81E8B8BA200877D98 /* JLRRouteRequest.m in Sources */,
				18B032251E86611800740A68 /* GreetingViewModel.m in Sources */,
				376264AA1E8B8BA200877D98 /* JLRoutes.m in Sources */,
				18B031F61E86343700740A68 /* AppDelegate.m in Sources */,
				18B031F31E86343700740A68 /* main.m in Sources */,
			);
			runOnlyForDeploymentPostprocessing = 0;
		};
/* End PBXSourcesBuildPhase section */

/* Begin PBXVariantGroup section */
		18B031FA1E86343700740A68 /* Main.storyboard */ = {
			isa = PBXVariantGroup;
			children = (
				18B031FB1E86343700740A68 /* Base */,
			);
			name = Main.storyboard;
			sourceTree = "<group>";
		};
		18B031FF1E86343700740A68 /* LaunchScreen.storyboard */ = {
			isa = PBXVariantGroup;
			children = (
				18B032001E86343700740A68 /* Base */,
			);
			name = LaunchScreen.storyboard;
			sourceTree = "<group>";
		};
/* End PBXVariantGroup section */

/* Begin XCBuildConfiguration section */
		18B032031E86343700740A68 /* Debug */ = {
			isa = XCBuildConfiguration;
			buildSettings = {
				ALWAYS_SEARCH_USER_PATHS = NO;
				CLANG_ANALYZER_NONNULL = YES;
				CLANG_CXX_LANGUAGE_STANDARD = "gnu++0x";
				CLANG_CXX_LIBRARY = "libc++";
				CLANG_ENABLE_MODULES = YES;
				CLANG_ENABLE_OBJC_ARC = YES;
				CLANG_WARN_BOOL_CONVERSION = YES;
				CLANG_WARN_CONSTANT_CONVERSION = YES;
				CLANG_WARN_DIRECT_OBJC_ISA_USAGE = YES_ERROR;
				CLANG_WARN_DOCUMENTATION_COMMENTS = YES;
				CLANG_WARN_EMPTY_BODY = YES;
				CLANG_WARN_ENUM_CONVERSION = YES;
				CLANG_WARN_INFINITE_RECURSION = YES;
				CLANG_WARN_INT_CONVERSION = YES;
				CLANG_WARN_OBJC_ROOT_CLASS = YES_ERROR;
				CLANG_WARN_SUSPICIOUS_MOVES = YES;
				CLANG_WARN_UNREACHABLE_CODE = YES;
				CLANG_WARN__DUPLICATE_METHOD_MATCH = YES;
				"CODE_SIGN_IDENTITY[sdk=iphoneos*]" = "iPhone Developer";
				COPY_PHASE_STRIP = NO;
				CustomAppBundleld = com.wulongwang.architcture.Debug;
				CustomProductName = "测试版本";
				DEBUG_INFORMATION_FORMAT = dwarf;
				ENABLE_STRICT_OBJC_MSGSEND = YES;
				ENABLE_TESTABILITY = YES;
				GCC_C_LANGUAGE_STANDARD = gnu99;
				GCC_DYNAMIC_NO_PIC = NO;
				GCC_NO_COMMON_BLOCKS = YES;
				GCC_OPTIMIZATION_LEVEL = 0;
				GCC_PREPROCESSOR_DEFINITIONS = (
					"DEBUG=1",
					"$(inherited)",
				);
				GCC_WARN_64_TO_32_BIT_CONVERSION = YES;
				GCC_WARN_ABOUT_RETURN_TYPE = YES_ERROR;
				GCC_WARN_UNDECLARED_SELECTOR = YES;
				GCC_WARN_UNINITIALIZED_AUTOS = YES_AGGRESSIVE;
				GCC_WARN_UNUSED_FUNCTION = YES;
				GCC_WARN_UNUSED_VARIABLE = YES;
				IPHONEOS_DEPLOYMENT_TARGET = 10.1;
				MTL_ENABLE_DEBUG_INFO = YES;
				ONLY_ACTIVE_ARCH = YES;
				PRODUCT_BUNDLE_IDENTIFIER = "$(CustomAppBundleld)";
				SDKROOT = iphoneos;
			};
			name = Debug;
		};
		18B032041E86343700740A68 /* Release */ = {
			isa = XCBuildConfiguration;
			buildSettings = {
				ALWAYS_SEARCH_USER_PATHS = NO;
				CLANG_ANALYZER_NONNULL = YES;
				CLANG_CXX_LANGUAGE_STANDARD = "gnu++0x";
				CLANG_CXX_LIBRARY = "libc++";
				CLANG_ENABLE_MODULES = YES;
				CLANG_ENABLE_OBJC_ARC = YES;
				CLANG_WARN_BOOL_CONVERSION = YES;
				CLANG_WARN_CONSTANT_CONVERSION = YES;
				CLANG_WARN_DIRECT_OBJC_ISA_USAGE = YES_ERROR;
				CLANG_WARN_DOCUMENTATION_COMMENTS = YES;
				CLANG_WARN_EMPTY_BODY = YES;
				CLANG_WARN_ENUM_CONVERSION = YES;
				CLANG_WARN_INFINITE_RECURSION = YES;
				CLANG_WARN_INT_CONVERSION = YES;
				CLANG_WARN_OBJC_ROOT_CLASS = YES_ERROR;
				CLANG_WARN_SUSPICIOUS_MOVES = YES;
				CLANG_WARN_UNREACHABLE_CODE = YES;
				CLANG_WARN__DUPLICATE_METHOD_MATCH = YES;
				"CODE_SIGN_IDENTITY[sdk=iphoneos*]" = "iPhone Developer";
				COPY_PHASE_STRIP = NO;
				CustomAppBundleld = com.wulongwang.architcture.Release;
				CustomProductName = "发布版本";
				DEBUG_INFORMATION_FORMAT = "dwarf-with-dsym";
				ENABLE_NS_ASSERTIONS = NO;
				ENABLE_STRICT_OBJC_MSGSEND = YES;
				GCC_C_LANGUAGE_STANDARD = gnu99;
				GCC_NO_COMMON_BLOCKS = YES;
				GCC_WARN_64_TO_32_BIT_CONVERSION = YES;
				GCC_WARN_ABOUT_RETURN_TYPE = YES_ERROR;
				GCC_WARN_UNDECLARED_SELECTOR = YES;
				GCC_WARN_UNINITIALIZED_AUTOS = YES_AGGRESSIVE;
				GCC_WARN_UNUSED_FUNCTION = YES;
				GCC_WARN_UNUSED_VARIABLE = YES;
				IPHONEOS_DEPLOYMENT_TARGET = 10.1;
				MTL_ENABLE_DEBUG_INFO = NO;
				PRODUCT_BUNDLE_IDENTIFIER = "$(CustomAppBundleld)";
				SDKROOT = iphoneos;
				VALIDATE_PRODUCT = YES;
			};
			name = Release;
		};
		18B032061E86343700740A68 /* Debug */ = {
			isa = XCBuildConfiguration;
			baseConfigurationReference = 6FD3BEA36FFCCEB2C205CA73 /* Pods.debug.xcconfig */;
			buildSettings = {
				ASSETCATALOG_COMPILER_APPICON_NAME = AppIcon;
				DEVELOPMENT_TEAM = K47Y4YGJZU;
				INFOPLIST_FILE = "iOS-Architecture/Info.plist";
				LD_RUNPATH_SEARCH_PATHS = "$(inherited) @executable_path/Frameworks";
				PRODUCT_BUNDLE_IDENTIFIER = "$(CustomAppBundleld)";
				PRODUCT_NAME = "$(TARGET_NAME)";
			};
			name = Debug;
		};
		18B032071E86343700740A68 /* Release */ = {
			isa = XCBuildConfiguration;
			baseConfigurationReference = 25733A682508B9253C5FEDFF /* Pods.release.xcconfig */;
			buildSettings = {
				ASSETCATALOG_COMPILER_APPICON_NAME = AppIcon;
				DEVELOPMENT_TEAM = K47Y4YGJZU;
				INFOPLIST_FILE = "iOS-Architecture/Info.plist";
				LD_RUNPATH_SEARCH_PATHS = "$(inherited) @executable_path/Frameworks";
				PRODUCT_BUNDLE_IDENTIFIER = "$(CustomAppBundleld)";
				PRODUCT_NAME = "$(TARGET_NAME)";
			};
			name = Release;
		};
		37562AA31E949513006669FF /* BETA */ = {
			isa = XCBuildConfiguration;
			buildSettings = {
				ALWAYS_SEARCH_USER_PATHS = NO;
				CLANG_ANALYZER_NONNULL = YES;
				CLANG_CXX_LANGUAGE_STANDARD = "gnu++0x";
				CLANG_CXX_LIBRARY = "libc++";
				CLANG_ENABLE_MODULES = YES;
				CLANG_ENABLE_OBJC_ARC = YES;
				CLANG_WARN_BOOL_CONVERSION = YES;
				CLANG_WARN_CONSTANT_CONVERSION = YES;
				CLANG_WARN_DIRECT_OBJC_ISA_USAGE = YES_ERROR;
				CLANG_WARN_DOCUMENTATION_COMMENTS = YES;
				CLANG_WARN_EMPTY_BODY = YES;
				CLANG_WARN_ENUM_CONVERSION = YES;
				CLANG_WARN_INFINITE_RECURSION = YES;
				CLANG_WARN_INT_CONVERSION = YES;
				CLANG_WARN_OBJC_ROOT_CLASS = YES_ERROR;
				CLANG_WARN_SUSPICIOUS_MOVES = YES;
				CLANG_WARN_UNREACHABLE_CODE = YES;
				CLANG_WARN__DUPLICATE_METHOD_MATCH = YES;
				"CODE_SIGN_IDENTITY[sdk=iphoneos*]" = "iPhone Developer";
				COPY_PHASE_STRIP = NO;
				CustomAppBundleld = com.wulongwang.architcture.BETA;
				CustomProductName = "BETA版本";
				DEBUG_INFORMATION_FORMAT = dwarf;
				ENABLE_STRICT_OBJC_MSGSEND = YES;
				ENABLE_TESTABILITY = YES;
				GCC_C_LANGUAGE_STANDARD = gnu99;
				GCC_DYNAMIC_NO_PIC = NO;
				GCC_NO_COMMON_BLOCKS = YES;
				GCC_OPTIMIZATION_LEVEL = 0;
				GCC_PREPROCESSOR_DEFINITIONS = (
					"DEBUG=1",
					"$(inherited)",
				);
				GCC_WARN_64_TO_32_BIT_CONVERSION = YES;
				GCC_WARN_ABOUT_RETURN_TYPE = YES_ERROR;
				GCC_WARN_UNDECLARED_SELECTOR = YES;
				GCC_WARN_UNINITIALIZED_AUTOS = YES_AGGRESSIVE;
				GCC_WARN_UNUSED_FUNCTION = YES;
				GCC_WARN_UNUSED_VARIABLE = YES;
				IPHONEOS_DEPLOYMENT_TARGET = 10.1;
				MTL_ENABLE_DEBUG_INFO = YES;
				ONLY_ACTIVE_ARCH = YES;
				PRODUCT_BUNDLE_IDENTIFIER = "$(CustomAppBundleld)";
				SDKROOT = iphoneos;
			};
			name = BETA;
		};
		37562AA41E949513006669FF /* BETA */ = {
			isa = XCBuildConfiguration;
			baseConfigurationReference = 6FD3BEA36FFCCEB2C205CA73 /* Pods.debug.xcconfig */;
			buildSettings = {
				ASSETCATALOG_COMPILER_APPICON_NAME = AppIconBETA;
				DEVELOPMENT_TEAM = K47Y4YGJZU;
				GCC_PREPROCESSOR_DEFINITIONS = (
					"COCOAPODS=1",
					"BETA=1",
				);
				INFOPLIST_FILE = "iOS-Architecture/Info.plist";
				LD_RUNPATH_SEARCH_PATHS = "$(inherited) @executable_path/Frameworks";
				PRODUCT_BUNDLE_IDENTIFIER = "$(CustomAppBundleld)";
				PRODUCT_NAME = "$(TARGET_NAME)";
			};
			name = BETA;
		};
/* End XCBuildConfiguration section */

/* Begin XCConfigurationList section */
		18B031E91E86343700740A68 /* Build configuration list for PBXProject "iOS-Architecture" */ = {
			isa = XCConfigurationList;
			buildConfigurations = (
				18B032031E86343700740A68 /* Debug */,
				37562AA31E949513006669FF /* BETA */,
				18B032041E86343700740A68 /* Release */,
			);
			defaultConfigurationIsVisible = 0;
			defaultConfigurationName = Release;
		};
		18B032051E86343700740A68 /* Build configuration list for PBXNativeTarget "iOS-Architecture" */ = {
			isa = XCConfigurationList;
			buildConfigurations = (
				18B032061E86343700740A68 /* Debug */,
				37562AA41E949513006669FF /* BETA */,
				18B032071E86343700740A68 /* Release */,
			);
			defaultConfigurationIsVisible = 0;
			defaultConfigurationName = Release;
		};
/* End XCConfigurationList section */
	};
	rootObject = 18B031E61E86343700740A68 /* Project object */;
}
